{
  "name": "ResumeBuilder",
  "lockfileVersion": 3,
  "requires": true,
  "packages": {
    "": {
      "dependencies": {
        "@dnd-kit/abstract": "^0.4.0-beta-20260227032529",
        "@dnd-kit/collision": "^0.4.0-beta-20260227032529",
        "@dnd-kit/dom": "^0.4.0-beta-20260227032529",
        "@dnd-kit/helpers": "^0.4.0-beta-20260227032529",
        "@dnd-kit/react": "^0.4.0-beta-20260227032529"
      }
    },
    "node_modules/@dnd-kit/abstract": {
      "version": "0.4.0-beta-20260227032529",
      "resolved": "https://registry.npmjs.org/@dnd-kit/abstract/-/abstract-0.4.0-beta-20260227032529.tgz",
      "integrity": "sha512-COWK951vQlFbWrq8WWEddkyx3JV9zvIjc4qxtKy6vC1PIEGNAMujUflVxlnGU2jBs4n3IwzPzkrEF1GDgQ5Y7g==",
      "license": "MIT",
      "dependencies": {
        "@dnd-kit/geometry": "0.4.0-beta-20260227032529",
        "@dnd-kit/state": "0.4.0-beta-20260227032529",
        "tslib": "^2.6.2"
      }
    },
    "node_modules/@dnd-kit/collision": {
      "version": "0.4.0-beta-20260227032529",
      "resolved": "https://registry.npmjs.org/@dnd-kit/collision/-/collision-0.4.0-beta-20260227032529.tgz",
      "integrity": "sha512-qXb2/rGq9MjaYf3BEvsYAxEWnHX6sVpdbwu60AAfkYoO82NSUdQBSR4Dh8RPyjKmTCt3uPO3+83ZcgeCBddFiw==",
      "license": "MIT",
      "dependencies": {
        "@dnd-kit/abstract": "0.4.0-beta-20260227032529",
        "@dnd-kit/geometry": "0.4.0-beta-20260227032529",
        "tslib": "^2.6.2"
      }
    },
    "node_modules/@dnd-kit/dom": {
      "version": "0.4.0-beta-20260227032529",
      "resolved": "https://registry.npmjs.org/@dnd-kit/dom/-/dom-0.4.0-beta-20260227032529.tgz",
      "integrity": "sha512-FiBuEN4hCglPJ4lTvzglq+EMiZ3DdcsD9dUvqsxR32Ql8ayh7HoiAJ6RSx77+UgH66FgpC3AudTF8oRG776CFQ==",
      "license": "MIT",
      "dependencies": {
        "@dnd-kit/abstract": "0.4.0-beta-20260227032529",
        "@dnd-kit/collision": "0.4.0-beta-20260227032529",
        "@dnd-kit/geometry": "0.4.0-beta-20260227032529",
        "@dnd-kit/state": "0.4.0-beta-20260227032529",
        "tslib": "^2.6.2"
      }
    },
    "node_modules/@dnd-kit/geometry": {
      "version": "0.4.0-beta-20260227032529",
      "resolved": "https://registry.npmjs.org/@dnd-kit/geometry/-/geometry-0.4.0-beta-20260227032529.tgz",
      "integrity": "sha512-0iAEmqE8KOcIqQCR1y+i3dI3AayUU4kqRhZfB2PmZF0E7md9TZbbFf491tGHQyjvT1RImFShRCB55wJLObTCsg==",
      "license": "MIT",
      "dependencies": {
        "@dnd-kit/state": "0.4.0-beta-20260227032529",
        "tslib": "^2.6.2"
      }
    },
    "node_modules/@dnd-kit/helpers": {
      "version": "0.4.0-beta-20260227032529",
      "resolved": "https://registry.npmjs.org/@dnd-kit/helpers/-/helpers-0.4.0-beta-20260227032529.tgz",
      "integrity": "sha512-JeZBAw6fx9SgBisKNtcSoQUbE3CvxkNiLHYWBk111xNMEWK9h9vot/HENvVxhmmPhwL34aW58kkOLlQbbJf3Hw==",
      "license": "MIT",
      "dependencies": {
        "@dnd-kit/abstract": "0.4.0-beta-20260227032529",
        "tslib": "^2.6.2"
      }
    },
    "node_modules/@dnd-kit/react": {
      "version": "0.4.0-beta-20260227032529",
      "resolved": "https://registry.npmjs.org/@dnd-kit/react/-/react-0.4.0-beta-20260227032529.tgz",
      "integrity": "sha512-9ucOvTNE3+OfZ2Sg/yxUPUoXa6N/V4FQrkJsadIhXl7HxTIjnU8nONBaVqN6RUVan1C3om5IFdT5sjgvNFKovg==",
      "license": "MIT",
      "dependencies": {
        "@dnd-kit/abstract": "0.4.0-beta-20260227032529",
        "@dnd-kit/dom": "0.4.0-beta-20260227032529",
        "@dnd-kit/state": "0.4.0-beta-20260227032529",
        "tslib": "^2.6.2"
      },
      "peerDependencies": {
        "react": "^18.0.0 || ^19.0.0",
        "react-dom": "^18.0.0 || ^19.0.0"
      }
    },
    "node_modules/@dnd-kit/state": {
      "version": "0.4.0-beta-20260227032529",
      "resolved": "https://registry.npmjs.org/@dnd-kit/state/-/state-0.4.0-beta-20260227032529.tgz",
      "integrity": "sha512-Vrpjb7fHTDepweOAe1uBlBmtLDpaocuocmOgAAM2DgOalEqG5HEpLufMcdDGEFDJNc8I2TaJcyJlOrticu1rBA==",
      "license": "MIT",
      "dependencies": {
        "@preact/signals-core": "^1.10.0",
        "tslib": "^2.6.2"
      }
    },
    "node_modules/@preact/signals-core": {
      "version": "1.13.0",
      "resolved": "https://registry.npmjs.org/@preact/signals-core/-/signals-core-1.13.0.tgz",
      "integrity": "sha512-slT6XeTCAbdql61GVLlGU4x7XHI7kCZV5Um5uhE4zLX4ApgiiXc0UYFvVOKq06xcovzp7p+61l68oPi563ARKg==",
      "license": "MIT",
      "funding": {
        "type": "opencollective",
        "url": "https://opencollective.com/preact"
      }
    },
    "node_modules/react": {
      "version": "19.2.4",
      "resolved": "https://registry.npmjs.org/react/-/react-19.2.4.tgz",
      "integrity": "sha512-9nfp2hYpCwOjAN+8TZFGhtWEwgvWHXqESH8qT89AT/lWklpLON22Lc8pEtnpsZz7VmawabSU0gCjnj8aC0euHQ==",
      "license": "MIT",
      "peer": true,
      "engines": {
        "node": ">=0.10.0"
      }
    },
    "node_modules/react-dom": {
      "version": "19.2.4",
      "resolved": "https://registry.npmjs.org/react-dom/-/react-dom-19.2.4.tgz",
      "integrity": "sha512-AXJdLo8kgMbimY95O2aKQqsz2iWi9jMgKJhRBAxECE4IFxfcazB2LmzloIoibJI3C12IlY20+KFaLv+71bUJeQ==",
      "license": "MIT",
      "peer": true,
      "dependencies": {
        "scheduler": "^0.27.0"
      },
      "peerDependencies": {
        "react": "^19.2.4"
      }
    },
    "node_modules/scheduler": {
      "version": "0.27.0",
      "resolved": "https://registry.npmjs.org/scheduler/-/scheduler-0.27.0.tgz",
      "integrity": "sha512-eNv+WrVbKu1f3vbYJT/xtiF5syA5HPIMtf9IgY/nKg0sWqzAUEvqY/xm7OcZc/qafLx/iO9FgOmeSAp4v5ti/Q==",
      "license": "MIT",
      "peer": true
    },
    "node_modules/tslib": {
      "version": "2.8.1",
      "resolved": "https://registry.npmjs.org/tslib/-/tslib-2.8.1.tgz",
      "integrity": "sha512-oJFu94HQb+KVduSUQL7wnpmqnfmLsOA/nAh6b6EH0wCEoK0/mPeXU6c3wKDV83MkOuHPRHtSXKKU99IBazS/2w==",
      "license": "0BSD"
    }
  }
}
